
Microsoft Visual Studio Solution File, Format Version 12.00
Project("{2150E333-8FDC-42A3-9474-1A3956D46DE8}") = "Solution Items", "Solution Items", "{5E08F935-AC7A-484C-84C5-71A4F4305C8D}"
ProjectSection(SolutionItems) = preProject
	.dockerignore = .dockerignore
	.editorconfig = .editorconfig
	.env = .env
	.gitignore = .gitignore
	docker-compose.yml = docker-compose.yml
	README.md = README.md
	.env.example = .env.example
EndProjectSection
EndProject
Project("{2150E333-8FDC-42A3-9474-1A3956D46DE8}") = "src", "src", "{3CBD90B6-225B-4B01-8167-33FB6FBBFB80}"
EndProject
Project("{2150E333-8FDC-42A3-9474-1A3956D46DE8}") = "tests", "tests", "{AAEB5671-F632-4D55-AFF2-9986F2C7D084}"
EndProject
Project("{FAE04EC0-301F-11D3-BF4B-00C04F79EFBC}") = "WebApi", "src\WebApi\WebApi.csproj", "{AAC0D16F-45EA-48A3-A3C5-78784BBEDA90}"
EndProject
Project("{FAE04EC0-301F-11D3-BF4B-00C04F79EFBC}") = "Application", "src\Application\Application.csproj", "{134AC051-7FF2-4A0C-AB6C-857C8FAC484B}"
EndProject
Project("{FAE04EC0-301F-11D3-BF4B-00C04F79EFBC}") = "Domain", "src\Domain\Domain.csproj", "{26631597-8CC2-4508-918B-052603B8CFE7}"
EndProject
Project("{FAE04EC0-301F-11D3-BF4B-00C04F79EFBC}") = "Infrastructure", "src\Infrastructure\Infrastructure.csproj", "{8C156DE5-7A55-4104-BD1B-3794EC7C1156}"
EndProject
Project("{FAE04EC0-301F-11D3-BF4B-00C04F79EFBC}") = "Application.IntegrationTests", "tests\Application.IntegrationTests\Application.IntegrationTests.csproj", "{382CF6B2-AEAB-4694-9A78-3511B06527E9}"
EndProject
Project("{FAE04EC0-301F-11D3-BF4B-00C04F79EFBC}") = "Application.UnitTests", "tests\Application.UnitTests\Application.UnitTests.csproj", "{ACBFDD60-3004-42A4-A69C-C7FD555E39B1}"
EndProject
Project("{FAE04EC0-301F-11D3-BF4B-00C04F79EFBC}") = "Migrations", "src\Migrations\Migrations.csproj", "{97C46557-8AA7-42B9-9FF5-FA12382B5A47}"
EndProject
Global
	GlobalSection(SolutionConfigurationPlatforms) = preSolution
		Debug|Any CPU = Debug|Any CPU
		Release|Any CPU = Release|Any CPU
	EndGlobalSection
	GlobalSection(ProjectConfigurationPlatforms) = postSolution
		{AAC0D16F-45EA-48A3-A3C5-78784BBEDA90}.Debug|Any CPU.ActiveCfg = Debug|Any CPU
		{AAC0D16F-45EA-48A3-A3C5-78784BBEDA90}.Debug|Any CPU.Build.0 = Debug|Any CPU
		{AAC0D16F-45EA-48A3-A3C5-78784BBEDA90}.Release|Any CPU.ActiveCfg = Release|Any CPU
		{AAC0D16F-45EA-48A3-A3C5-78784BBEDA90}.Release|Any CPU.Build.0 = Release|Any CPU
		{134AC051-7FF2-4A0C-AB6C-857C8FAC484B}.Debug|Any CPU.ActiveCfg = Debug|Any CPU
		{134AC051-7FF2-4A0C-AB6C-857C8FAC484B}.Debug|Any CPU.Build.0 = Debug|Any CPU
		{134AC051-7FF2-4A0C-AB6C-857C8FAC484B}.Release|Any CPU.ActiveCfg = Release|Any CPU
		{134AC051-7FF2-4A0C-AB6C-857C8FAC484B}.Release|Any CPU.Build.0 = Release|Any CPU
		{26631597-8CC2-4508-918B-052603B8CFE7}.Debug|Any CPU.ActiveCfg = Debug|Any CPU
		{26631597-8CC2-4508-918B-052603B8CFE7}.Debug|Any CPU.Build.0 = Debug|Any CPU
		{26631597-8CC2-4508-918B-052603B8CFE7}.Release|Any CPU.ActiveCfg = Release|Any CPU
		{26631597-8CC2-4508-918B-052603B8CFE7}.Release|Any CPU.Build.0 = Release|Any CPU
		{8C156DE5-7A55-4104-BD1B-3794EC7C1156}.Debug|Any CPU.ActiveCfg = Debug|Any CPU
		{8C156DE5-7A55-4104-BD1B-3794EC7C1156}.Debug|Any CPU.Build.0 = Debug|Any CPU
		{8C156DE5-7A55-4104-BD1B-3794EC7C1156}.Release|Any CPU.ActiveCfg = Release|Any CPU
		{8C156DE5-7A55-4104-BD1B-3794EC7C1156}.Release|Any CPU.Build.0 = Release|Any CPU
		{382CF6B2-AEAB-4694-9A78-3511B06527E9}.Debug|Any CPU.ActiveCfg = Debug|Any CPU
		{382CF6B2-AEAB-4694-9A78-3511B06527E9}.Debug|Any CPU.Build.0 = Debug|Any CPU
		{382CF6B2-AEAB-4694-9A78-3511B06527E9}.Release|Any CPU.ActiveCfg = Release|Any CPU
		{382CF6B2-AEAB-4694-9A78-3511B06527E9}.Release|Any CPU.Build.0 = Release|Any CPU
		{ACBFDD60-3004-42A4-A69C-C7FD555E39B1}.Debug|Any CPU.ActiveCfg = Debug|Any CPU
		{ACBFDD60-3004-42A4-A69C-C7FD555E39B1}.Debug|Any CPU.Build.0 = Debug|Any CPU
		{ACBFDD60-3004-42A4-A69C-C7FD555E39B1}.Release|Any CPU.ActiveCfg = Release|Any CPU
		{ACBFDD60-3004-42A4-A69C-C7FD555E39B1}.Release|Any CPU.Build.0 = Release|Any CPU
		{97C46557-8AA7-42B9-9FF5-FA12382B5A47}.Debug|Any CPU.ActiveCfg = Debug|Any CPU
		{97C46557-8AA7-42B9-9FF5-FA12382B5A47}.Debug|Any CPU.Build.0 = Debug|Any CPU
		{97C46557-8AA7-42B9-9FF5-FA12382B5A47}.Release|Any CPU.ActiveCfg = Release|Any CPU
		{97C46557-8AA7-42B9-9FF5-FA12382B5A47}.Release|Any CPU.Build.0 = Release|Any CPU
	EndGlobalSection
	GlobalSection(NestedProjects) = preSolution
		{AAC0D16F-45EA-48A3-A3C5-78784BBEDA90} = {3CBD90B6-225B-4B01-8167-33FB6FBBFB80}
		{134AC051-7FF2-4A0C-AB6C-857C8FAC484B} = {3CBD90B6-225B-4B01-8167-33FB6FBBFB80}
		{26631597-8CC2-4508-918B-052603B8CFE7} = {3CBD90B6-225B-4B01-8167-33FB6FBBFB80}
		{8C156DE5-7A55-4104-BD1B-3794EC7C1156} = {3CBD90B6-225B-4B01-8167-33FB6FBBFB80}
		{382CF6B2-AEAB-4694-9A78-3511B06527E9} = {AAEB5671-F632-4D55-AFF2-9986F2C7D084}
		{ACBFDD60-3004-42A4-A69C-C7FD555E39B1} = {AAEB5671-F632-4D55-AFF2-9986F2C7D084}
		{97C46557-8AA7-42B9-9FF5-FA12382B5A47} = {3CBD90B6-225B-4B01-8167-33FB6FBBFB80}
	EndGlobalSection
EndGlobal
